// !$*UTF8*$!
{
	archiveVersion = 1;
	classes = {
	};
	objectVersion = 52;
	objects = {

/* Begin PBXBuildFile section */
		ACDDABD6259B79EF00BEB02E /* AppDelegate.swift in Sources */ = {isa = PBXBuildFile; fileRef = ACDDABD5259B79EF00BEB02E /* AppDelegate.swift */; };
		ACDDABD8259B79EF00BEB02E /* SceneDelegate.swift in Sources */ = {isa = PBXBuildFile; fileRef = ACDDABD7259B79EF00BEB02E /* SceneDelegate.swift */; };
		ACDDABDA259B79EF00BEB02E /* ViewController.swift in Sources */ = {isa = PBXBuildFile; fileRef = ACDDABD9259B79EF00BEB02E /* ViewController.swift */; };
		ACDDABDD259B79EF00BEB02E /* Main.storyboard in Resources */ = {isa = PBXBuildFile; fileRef = ACDDABDB259B79EF00BEB02E /* Main.storyboard */; };
		ACDDABDF259B79F600BEB02E /* Assets.xcassets in Resources */ = {isa = PBXBuildFile; fileRef = ACDDABDE259B79F600BEB02E /* Assets.xcassets */; };
		ACDDABE2259B79F600BEB02E /* LaunchScreen.storyboard in Resources */ = {isa = PBXBuildFile; fileRef = ACDDABE0259B79F600BEB02E /* LaunchScreen.storyboard */; };
		ACDDABEB259B7AFF00BEB02E /* Bond in Frameworks */ = {isa = PBXBuildFile; productRef = ACDDABEA259B7AFF00BEB02E /* Bond */; };
/* End PBXBuildFile section */

/* Begin PBXFileReference section */
		ACDDABD2259B79EF00BEB02E /* BondApp.app */ = {isa = PBXFileReference; explicitFileType = wrapper.application; includeInIndex = 0; path = BondApp.app; sourceTree = BUILT_PRODUCTS_DIR; };
		ACDDABD5259B79EF00BEB02E /* AppDelegate.swift */ = {isa = PBXFileReference; lastKnownFileType = sourcecode.swift; path = AppDelegate.swift; sourceTree = "<group>"; };
		ACDDABD7259B79EF00BEB02E /* SceneDelegate.swift */ = {isa = PBXFileReference; lastKnownFileType = sourcecode.swift; path = SceneDelegate.swift; sourceTree = "<group>"; };
		ACDDABD9259B79EF00BEB02E /* ViewController.swift */ = {isa = PBXFileReference; lastKnownFileType = sourcecode.swift; path = ViewController.swift; sourceTree = "<group>"; };
		ACDDABDC259B79EF00BEB02E /* Base */ = {isa = PBXFileReference; lastKnownFileType = file.storyboard; name = Base; path = Base.lproj/Main.storyboard; sourceTree = "<group>"; };
		ACDDABDE259B79F600BEB02E /* Assets.xcassets */ = {isa = PBXFileReference; lastKnownFileType = folder.assetcatalog; path = Assets.xcassets; sourceTree = "<group>"; };
		ACDDABE1259B79F600BEB02E /* Base */ = {isa = PBXFileReference; lastKnownFileType = file.storyboard; name = Base; path = Base.lproj/LaunchScreen.storyboard; sourceTree = "<group>"; };
		ACDDABE3259B79F600BEB02E /* Info.plist */ = {isa = PBXFileReference; lastKnownFileType = text.plist.xml; path = Info.plist; sourceTree = "<group>"; };
/* End PBXFileReference section */

/* Begin PBXFrameworksBuildPhase section */
		ACDDABCF259B79EF00BEB02E /* Frameworks */ = {
			isa = PBXFrameworksBuildPhase;
			buildActionMask = 2147483647;
			files = (
				ACDDABEB259B7AFF00BEB02E /* Bond in Frameworks */,
			);
			runOnlyForDeploymentPostprocessing = 0;
		};
/* End PBXFrameworksBuildPhase section */

/* Begin PBXGroup section */
		ACDDABC9259B79EF00BEB02E = {
			isa = PBXGroup;
			children = (
				ACDDABD4259B79EF00BEB02E /* BondApp */,
				ACDDABD3259B79EF00BEB02E /* Products */,
			);
			sourceTree = "<group>";
		};
		ACDDABD3259B79EF00BEB02E /* Products */ = {
			isa = PBXGroup;
			children = (
				ACDDABD2259B79EF00BEB02E /* BondApp.app */,
			);
			name = Products;
			sourceTree = "<group>";
		};
		ACDDABD4259B79EF00BEB02E /* BondApp */ = {
			isa = PBXGroup;
			children = (
				ACDDABD5259B79EF00BEB02E /* AppDelegate.swift */,
				ACDDABD7259B79EF00BEB02E /* SceneDelegate.swift */,
				ACDDABD9259B79EF00BEB02E /* ViewController.swift */,
				ACDDABDB259B79EF00BEB02E /* Main.storyboard */,
				ACDDABDE259B79F600BEB02E /* Assets.xcassets */,
				ACDDABE0259B79F600BEB02E /* LaunchScreen.storyboard */,
				ACDDABE3259B79F600BEB02E /* Info.plist */,
			);
			path = BondApp;
			sourceTree = "<group>";
		};
/* End PBXGroup section */

/* Begin PBXNativeTarget section */
		ACDDABD1259B79EF00BEB02E /* BondApp */ = {
			isa = PBXNativeTarget;
			buildConfigurationList = ACDDABE6259B79F600BEB02E /* Build configuration list for PBXNativeTarget "BondApp" */;
			buildPhases = (
				ACDDABCE259B79EF00BEB02E /* Sources */,
				ACDDABCF259B79EF00BEB02E /* Frameworks */,
				ACDDABD0259B79EF00BEB02E /* Resources */,
			);
			buildRules = (
			);
			dependencies = (
			);
			name = BondApp;
			packageProductDependencies = (
				ACDDABEA259B7AFF00BEB02E /* Bond */,
			);
			productName = BondApp;
			productReference = ACDDABD2259B79EF00BEB02E /* BondApp.app */;
			productType = "com.apple.product-type.application";
		};
/* End PBXNativeTarget section */

/* Begin PBXProject section */
		ACDDABCA259B79EF00BEB02E /* Project object */ = {
			isa = PBXProject;
			attributes = {
				LastSwiftUpdateCheck = 1140;
				LastUpgradeCheck = 1140;
				ORGANIZATIONNAME = "Arie Peretz";
				TargetAttributes = {
					ACDDABD1259B79EF00BEB02E = {
						CreatedOnToolsVersion = 11.4;
					};
				};
			};
			buildConfigurationList = ACDDABCD259B79EF00BEB02E /* Build configuration list for PBXProject "BondApp" */;
			compatibilityVersion = "Xcode 9.3";
			developmentRegion = en;
			hasScannedForEncodings = 0;
			knownRegions = (
				en,
				Base,
			);
			mainGroup = ACDDABC9259B79EF00BEB02E;
			packageReferences = (
				ACDDABE9259B7AFF00BEB02E /* XCRemoteSwiftPackageReference "Bond" */,
			);
			productRefGroup = ACDDABD3259B79EF00BEB02E /* Products */;
			projectDirPath = "";
			projectRoot = "";
			targets = (
				ACDDABD1259B79EF00BEB02E /* BondApp */,
			);
		};
/* End PBXProject section */

/* Begin PBXResourcesBuildPhase section */
		ACDDABD0259B79EF00BEB02E /* Resources */ = {
			isa = PBXResourcesBuildPhase;
			buildActionMask = 2147483647;
			files = (
				ACDDABE2259B79F600BEB02E /* LaunchScreen.storyboard in Resources */,
				ACDDABDF259B79F600BEB02E /* Assets.xcassets in Resources */,
				ACDDABDD259B79EF00BEB02E /* Main.storyboard in Resources */,
			);
			runOnlyForDeploymentPostprocessing = 0;
		};
/* End PBXResourcesBuildPhase section */

/* Begin PBXSourcesBuildPhase section */
		ACDDABCE259B79EF00BEB02E /* Sources */ = {
			isa = PBXSourcesBuildPhase;
			buildActionMask = 2147483647;
			files = (
				ACDDABDA259B79EF00BEB02E /* ViewController.swift in Sources */,
				ACDDABD6259B79EF00BEB02E /* AppDelegate.swift in Sources */,
				ACDDABD8259B79EF00BEB02E /* SceneDelegate.swift in Sources */,
			);
			runOnlyForDeploymentPostprocessing = 0;
		};
/* End PBXSourcesBuildPhase section */

/* Begin PBXVariantGroup section */
		ACDDABDB259B79EF00BEB02E /* Main.storyboard */ = {
			isa = PBXVariantGroup;
			children = (
				ACDDABDC259B79EF00BEB02E /* Base */,
			);
			name = Main.storyboard;
			sourceTree = "<group>";
		};
		ACDDABE0259B79F600BEB02E /* LaunchScreen.storyboard */ = {
			isa = PBXVariantGroup;
			children = (
				ACDDABE1259B79F600BEB02E /* Base */,
			);
			name = LaunchScreen.storyboard;
			sourceTree = "<group>";
		};
/* End PBXVariantGroup section */

/* Begin XCBuildConfiguration section */
		ACDDABE4259B79F600BEB02E /* Debug */ = {
			isa = XCBuildConfiguration;
			buildSettings = {
				ALWAYS_SEARCH_USER_PATHS = NO;
				CLANG_ANALYZER_NONNULL = YES;
				CLANG_ANALYZER_NUMBER_OBJECT_CONVERSION = YES_AGGRESSIVE;
				CLANG_CXX_LANGUAGE_STANDARD = "gnu++14";
				CLANG_CXX_LIBRARY = "libc++";
				CLANG_ENABLE_MODULES = YES;
				CLANG_ENABLE_OBJC_ARC = YES;
				CLANG_ENABLE_OBJC_WEAK = YES;
				CLANG_WARN_BLOCK_CAPTURE_AUTORELEASING = YES;
				CLANG_WARN_BOOL_CONVERSION = YES;
				CLANG_WARN_COMMA = YES;
				CLANG_WARN_CONSTANT_CONVERSION = YES;
				CLANG_WARN_DEPRECATED_OBJC_IMPLEMENTATIONS = YES;
				CLANG_WARN_DIRECT_OBJC_ISA_USAGE = YES_ERROR;
				CLANG_WARN_DOCUMENTATION_COMMENTS = YES;
				CLANG_WARN_EMPTY_BODY = YES;
				CLANG_WARN_ENUM_CONVERSION = YES;
				CLANG_WARN_INFINITE_RECURSION = YES;
				CLANG_WARN_INT_CONVERSION = YES;
				CLANG_WARN_NON_LITERAL_NULL_CONVERSION = YES;
				CLANG_WARN_OBJC_IMPLICIT_RETAIN_SELF = YES;
				CLANG_WARN_OBJC_LITERAL_CONVERSION = YES;
				CLANG_WARN_OBJC_ROOT_CLASS = YES_ERROR;
				CLANG_WARN_RANGE_LOOP_ANALYSIS = YES;
				CLANG_WARN_STRICT_PROTOTYPES = YES;
				CLANG_WARN_SUSPICIOUS_MOVE = YES;
				CLANG_WARN_UNGUARDED_AVAILABILITY = YES_AGGRESSIVE;
				CLANG_WARN_UNREACHABLE_CODE = YES;
				CLANG_WARN__DUPLICATE_METHOD_MATCH = YES;
				COPY_PHASE_STRIP = NO;
				DEBUG_INFORMATION_FORMAT = dwarf;
				ENABLE_STRICT_OBJC_MSGSEND = YES;
				ENABLE_TESTABILITY = YES;
				GCC_C_LANGUAGE_STANDARD = gnu11;
				GCC_DYNAMIC_NO_PIC = NO;
				GCC_NO_COMMON_BLOCKS = YES;
				GCC_OPTIMIZATION_LEVEL = 0;
				GCC_PREPROCESSOR_DEFINITIONS = (
					"DEBUG=1",
					"$(inherited)",
				);
				GCC_WARN_64_TO_32_BIT_CONVERSION = YES;
				GCC_WARN_ABOUT_RETURN_TYPE = YES_ERROR;
				GCC_WARN_UNDECLARED_SELECTOR = YES;
				GCC_WARN_UNINITIALIZED_AUTOS = YES_AGGRESSIVE;
				GCC_WARN_UNUSED_FUNCTION = YES;
				GCC_WARN_UNUSED_VARIABLE = YES;
				IPHONEOS_DEPLOYMENT_TARGET = 13.4;
				MTL_ENABLE_DEBUG_INFO = INCLUDE_SOURCE;
				MTL_FAST_MATH = YES;
				ONLY_ACTIVE_ARCH = YES;
				SDKROOT = iphoneos;
				SWIFT_ACTIVE_COMPILATION_CONDITIONS = DEBUG;
				SWIFT_OPTIMIZATION_LEVEL = "-Onone";
			};
			name = Debug;
		};
		ACDDABE5259B79F600BEB02E /* Release */ = {
			isa = XCBuildConfiguration;
			buildSettings = {
				ALWAYS_SEARCH_USER_PATHS = NO;
				CLANG_ANALYZER_NONNULL = YES;
				CLANG_ANALYZER_NUMBER_OBJECT_CONVERSION = YES_AGGRESSIVE;
				CLANG_CXX_LANGUAGE_STANDARD = "gnu++14";
				CLANG_CXX_LIBRARY = "libc++";
				CLANG_ENABLE_MODULES = YES;
				CLANG_ENABLE_OBJC_ARC = YES;
				CLANG_ENABLE_OBJC_WEAK = YES;
				CLANG_WARN_BLOCK_CAPTURE_AUTORELEASING = YES;
				CLANG_WARN_BOOL_CONVERSION = YES;
				CLANG_WARN_COMMA = YES;
				CLANG_WARN_CONSTANT_CONVERSION = YES;
				CLANG_WARN_DEPRECATED_OBJC_IMPLEMENTATIONS = YES;
				CLANG_WARN_DIRECT_OBJC_ISA_USAGE = YES_ERROR;
				CLANG_WARN_DOCUMENTATION_COMMENTS = YES;
				CLANG_WARN_EMPTY_BODY = YES;
				CLANG_WARN_ENUM_CONVERSION = YES;
				CLANG_WARN_INFINITE_RECURSION = YES;
				CLANG_WARN_INT_CONVERSION = YES;
				CLANG_WARN_NON_LITERAL_NULL_CONVERSION = YES;
				CLANG_WARN_OBJC_IMPLICIT_RETAIN_SELF = YES;
				CLANG_WARN_OBJC_LITERAL_CONVERSION = YES;
				CLANG_WARN_OBJC_ROOT_CLASS = YES_ERROR;
				CLANG_WARN_RANGE_LOOP_ANALYSIS = YES;
				CLANG_WARN_STRICT_PROTOTYPES = YES;
				CLANG_WARN_SUSPICIOUS_MOVE = YES;
				CLANG_WARN_UNGUARDED_AVAILABILITY = YES_AGGRESSIVE;
				CLANG_WARN_UNREACHABLE_CODE = YES;
				CLANG_WARN__DUPLICATE_METHOD_MATCH = YES;
				COPY_PHASE_STRIP = NO;
				DEBUG_INFORMATION_FORMAT = "dwarf-with-dsym";
				ENABLE_NS_ASSERTIONS = NO;
				ENABLE_STRICT_OBJC_MSGSEND = YES;
				GCC_C_LANGUAGE_STANDARD = gnu11;
				GCC_NO_COMMON_BLOCKS = YES;
				GCC_WARN_64_TO_32_BIT_CONVERSION = YES;
				GCC_WARN_ABOUT_RETURN_TYPE = YES_ERROR;
				GCC_WARN_UNDECLARED_SELECTOR = YES;
				GCC_WARN_UNINITIALIZED_AUTOS = YES_AGGRESSIVE;
				GCC_WARN_UNUSED_FUNCTION = YES;
				GCC_WARN_UNUSED_VARIABLE = YES;
				IPHONEOS_DEPLOYMENT_TARGET = 13.4;
				MTL_ENABLE_DEBUG_INFO = NO;
				MTL_FAST_MATH = YES;
				SDKROOT = iphoneos;
				SWIFT_COMPILATION_MODE = wholemodule;
				SWIFT_OPTIMIZATION_LEVEL = "-O";
				VALIDATE_PRODUCT = YES;
			};
			name = Release;
		};
		ACDDABE7259B79F600BEB02E /* Debug */ = {
			isa = XCBuildConfiguration;
			buildSettings = {
				ASSETCATALOG_COMPILER_APPICON_NAME = AppIcon;
				CODE_SIGN_STYLE = Automatic;
				DEVELOPMENT_TEAM = KJSUL68A86;
				INFOPLIST_FILE = BondApp/Info.plist;
				LD_RUNPATH_SEARCH_PATHS = (
					"$(inherited)",
					"@executable_path/Frameworks",
				);
				PRODUCT_BUNDLE_IDENTIFIER = com.arieperetz.BondApp;
				PRODUCT_NAME = "$(TARGET_NAME)";
				SWIFT_VERSION = 5.0;
				TARGETED_DEVICE_FAMILY = "1,2";
			};
			name = Debug;
		};
		ACDDABE8259B79F600BEB02E /* Release */ = {
			isa = XCBuildConfiguration;
			buildSettings = {
				ASSETCATALOG_COMPILER_APPICON_NAME = AppIcon;
				CODE_SIGN_STYLE = Automatic;
				DEVELOPMENT_TEAM = KJSUL68A86;
				INFOPLIST_FILE = BondApp/Info.plist;
				LD_RUNPATH_SEARCH_PATHS = (
					"$(inherited)",
					"@executable_path/Frameworks",
				);
				PRODUCT_BUNDLE_IDENTIFIER = com.arieperetz.BondApp;
				PRODUCT_NAME = "$(TARGET_NAME)";
				SWIFT_VERSION = 5.0;
				TARGETED_DEVICE_FAMILY = "1,2";
			};
			name = Release;
		};
/* End XCBuildConfiguration section */

/* Begin XCConfigurationList section */
		ACDDABCD259B79EF00BEB02E /* Build configuration list for PBXProject "BondApp" */ = {
			isa = XCConfigurationList;
			buildConfigurations = (
				ACDDABE4259B79F600BEB02E /* Debug */,
				ACDDABE5259B79F600BEB02E /* Release */,
			);
			defaultConfigurationIsVisible = 0;
			defaultConfigurationName = Release;
		};
		ACDDABE6259B79F600BEB02E /* Build configuration list for PBXNativeTarget "BondApp" */ = {
			isa = XCConfigurationList;
			buildConfigurations = (
				ACDDABE7259B79F600BEB02E /* Debug */,
				ACDDABE8259B79F600BEB02E /* Release */,
			);
			defaultConfigurationIsVisible = 0;
			defaultConfigurationName = Release;
		};
/* End XCConfigurationList section */

/* Begin XCRemoteSwiftPackageReference section */
		ACDDABE9259B7AFF00BEB02E /* XCRemoteSwiftPackageReference "Bond" */ = {
			isa = XCRemoteSwiftPackageReference;
			repositoryURL = "https://github.com/DeclarativeHub/Bond.git";
			requirement = {
				branch = master;
				kind = branch;
			};
		};
/* End XCRemoteSwiftPackageReference section */

/* Begin XCSwiftPackageProductDependency section */
		ACDDABEA259B7AFF00BEB02E /* Bond */ = {
			isa = XCSwiftPackageProductDependency;
			package = ACDDABE9259B7AFF00BEB02E /* XCRemoteSwiftPackageReference "Bond" */;
			productName = Bond;
		};
/* End XCSwiftPackageProductDependency section */
	};
	rootObject = ACDDABCA259B79EF00BEB02E /* Project object */;
}
